
Microsoft Visual Studio Solution File, Format Version 12.00
# Visual Studio Version 16
VisualStudioVersion = 16.0.31729.503
MinimumVisualStudioVersion = 10.0.40219.1
Project("{FAE04EC0-301F-11D3-BF4B-00C04F79EFBC}") = "SimpleQuery", "SimpleQuery.csproj", "{AAFA6464-5E9B-431F-8A1F-9732170AEA21}"
EndProject
Global
	GlobalSection(SolutionConfigurationPlatforms) = preSolution
		Debug|Any CPU = Debug|Any CPU
		Release|Any CPU = Release|Any CPU
	EndGlobalSection
	GlobalSection(ProjectConfigurationPlatforms) = postSolution
		{AAFA6464-5E9B-431F-8A1F-9732170AEA21}.Debug|Any CPU.ActiveCfg = Debug|Any CPU
		{AAFA6464-5E9B-431F-8A1F-9732170AEA21}.Debug|Any CPU.Build.0 = Debug|Any CPU
		{AAFA6464-5E9B-431F-8A1F-9732170AEA21}.Release|Any CPU.ActiveCfg = Release|Any CPU
		{AAFA6464-5E9B-431F-8A1F-9732170AEA21}.Release|Any CPU.Build.0 = Release|Any CPU
	EndGlobalSection
	GlobalSection(SolutionProperties) = preSolution
		HideSolutionNode = FALSE
	EndGlobalSection
	GlobalSection(ExtensibilityGlobals) = postSolution
		SolutionGuid = {590CEBF9-D6A4-4F3C-BF7F-5D31FEFD57A4}
	EndGlobalSection
EndGlobal
